
Microsoft Visual Studio Solution File, Format Version 12.00
# Visual Studio Version 17
VisualStudioVersion = 17.6.33829.357
MinimumVisualStudioVersion = 10.0.40219.1
Project("{8BC9CEB8-8B4A-11D0-8D11-00A0C91BC942}") = "mosze", "mosze\mosze.vcxproj", "{BB355A90-5923-4D94-B26F-15F68A3FDBD4}"
EndProject
Global
	GlobalSection(SolutionConfigurationPlatforms) = preSolution
		Debug|x64 = Debug|x64
		Debug|x86 = Debug|x86
		Release|x64 = Release|x64
		Release|x86 = Release|x86
	EndGlobalSection
	GlobalSection(ProjectConfigurationPlatforms) = postSolution
		{BB355A90-5923-4D94-B26F-15F68A3FDBD4}.Debug|x64.ActiveCfg = Debug|x64
		{BB355A90-5923-4D94-B26F-15F68A3FDBD4}.Debug|x64.Build.0 = Debug|x64
		{BB355A90-5923-4D94-B26F-15F68A3FDBD4}.Debug|x86.ActiveCfg = Debug|Win32
		{BB355A90-5923-4D94-B26F-15F68A3FDBD4}.Debug|x86.Build.0 = Debug|Win32
		{BB355A90-5923-4D94-B26F-15F68A3FDBD4}.Release|x64.ActiveCfg = Release|x64
		{BB355A90-5923-4D94-B26F-15F68A3FDBD4}.Release|x64.Build.0 = Release|x64
		{BB355A90-5923-4D94-B26F-15F68A3FDBD4}.Release|x86.ActiveCfg = Release|Win32
		{BB355A90-5923-4D94-B26F-15F68A3FDBD4}.Release|x86.Build.0 = Release|Win32
	EndGlobalSection
	GlobalSection(SolutionProperties) = preSolution
		HideSolutionNode = FALSE
	EndGlobalSection
	GlobalSection(ExtensibilityGlobals) = postSolution
		SolutionGuid = {E9E66D2C-A144-48DB-A5A2-5D73012ABC65}
	EndGlobalSection
EndGlobal
